// !$*UTF8*$!
{
	archiveVersion = 1;
	classes = {
	};
	objectVersion = 77;
	objects = {

/* Begin PBXBuildFile section */
		344285FDD91F310284639EC0 /* Pods_MatchMate_MatchMateUITests.framework in Frameworks */ = {isa = PBXBuildFile; fileRef = 43DFE2DBB1C6DF4B501EF21D /* Pods_MatchMate_MatchMateUITests.framework */; };
		CDFE543CAA0286B4161CF0B1 /* Pods_MatchMateTests.framework in Frameworks */ = {isa = PBXBuildFile; fileRef = 7CD79BE95FF6FBE51B648B9A /* Pods_MatchMateTests.framework */; };
		D6554F6184C8261BC1659469 /* Pods_MatchMate.framework in Frameworks */ = {isa = PBXBuildFile; fileRef = B6649F7940CCAFD767BF5D8F /* Pods_MatchMate.framework */; };
/* End PBXBuildFile section */

/* Begin PBXContainerItemProxy section */
		A93E84FE2D43D73700837495 /* PBXContainerItemProxy */ = {
			isa = PBXContainerItemProxy;
			containerPortal = A93E84E02D43D73400837495 /* Project object */;
			proxyType = 1;
			remoteGlobalIDString = A93E84E72D43D73400837495;
			remoteInfo = UserMatch;
		};
		A93E85082D43D73700837495 /* PBXContainerItemProxy */ = {
			isa = PBXContainerItemProxy;
			containerPortal = A93E84E02D43D73400837495 /* Project object */;
			proxyType = 1;
			remoteGlobalIDString = A93E84E72D43D73400837495;
			remoteInfo = UserMatch;
		};
/* End PBXContainerItemProxy section */

/* Begin PBXFileReference section */
		1E6B3F402D856C6AB5F9867E /* Pods-UserMatch.release.xcconfig */ = {isa = PBXFileReference; includeInIndex = 1; lastKnownFileType = text.xcconfig; name = "Pods-UserMatch.release.xcconfig"; path = "Target Support Files/Pods-UserMatch/Pods-UserMatch.release.xcconfig"; sourceTree = "<group>"; };
		2577028A127BC58BAA679D23 /* Pods-MatchMate-MatchMateUITests.release.xcconfig */ = {isa = PBXFileReference; includeInIndex = 1; lastKnownFileType = text.xcconfig; name = "Pods-MatchMate-MatchMateUITests.release.xcconfig"; path = "Target Support Files/Pods-MatchMate-MatchMateUITests/Pods-MatchMate-MatchMateUITests.release.xcconfig"; sourceTree = "<group>"; };
		25F90E287A59B32716A59CDD /* Pods-MatchMate.debug.xcconfig */ = {isa = PBXFileReference; includeInIndex = 1; lastKnownFileType = text.xcconfig; name = "Pods-MatchMate.debug.xcconfig"; path = "Target Support Files/Pods-MatchMate/Pods-MatchMate.debug.xcconfig"; sourceTree = "<group>"; };
		43DFE2DBB1C6DF4B501EF21D /* Pods_MatchMate_MatchMateUITests.framework */ = {isa = PBXFileReference; explicitFileType = wrapper.framework; includeInIndex = 0; path = Pods_MatchMate_MatchMateUITests.framework; sourceTree = BUILT_PRODUCTS_DIR; };
		4F08EEEB3BBBB713AD2012D9 /* Pods-MatchMateTests.debug.xcconfig */ = {isa = PBXFileReference; includeInIndex = 1; lastKnownFileType = text.xcconfig; name = "Pods-MatchMateTests.debug.xcconfig"; path = "Target Support Files/Pods-MatchMateTests/Pods-MatchMateTests.debug.xcconfig"; sourceTree = "<group>"; };
		51D917798FFC043CE2AB80FF /* Pods-UserMatchTests.release.xcconfig */ = {isa = PBXFileReference; includeInIndex = 1; lastKnownFileType = text.xcconfig; name = "Pods-UserMatchTests.release.xcconfig"; path = "Target Support Files/Pods-UserMatchTests/Pods-UserMatchTests.release.xcconfig"; sourceTree = "<group>"; };
		54BC9CFDE1712166A156518C /* Pods-MatchMateTests.release.xcconfig */ = {isa = PBXFileReference; includeInIndex = 1; lastKnownFileType = text.xcconfig; name = "Pods-MatchMateTests.release.xcconfig"; path = "Target Support Files/Pods-MatchMateTests/Pods-MatchMateTests.release.xcconfig"; sourceTree = "<group>"; };
		5CD1023A8BA3F2C8DC099182 /* Pods-UserMatch-UserMatchUITests.release.xcconfig */ = {isa = PBXFileReference; includeInIndex = 1; lastKnownFileType = text.xcconfig; name = "Pods-UserMatch-UserMatchUITests.release.xcconfig"; path = "Target Support Files/Pods-UserMatch-UserMatchUITests/Pods-UserMatch-UserMatchUITests.release.xcconfig"; sourceTree = "<group>"; };
		7CD79BE95FF6FBE51B648B9A /* Pods_MatchMateTests.framework */ = {isa = PBXFileReference; explicitFileType = wrapper.framework; includeInIndex = 0; path = Pods_MatchMateTests.framework; sourceTree = BUILT_PRODUCTS_DIR; };
		83A17F55090C91E25DBB6E96 /* Pods-MatchMate.release.xcconfig */ = {isa = PBXFileReference; includeInIndex = 1; lastKnownFileType = text.xcconfig; name = "Pods-MatchMate.release.xcconfig"; path = "Target Support Files/Pods-MatchMate/Pods-MatchMate.release.xcconfig"; sourceTree = "<group>"; };
		8D00E3257BA3708F5DEB343F /* Pods-UserMatch-UserMatchUITests.debug.xcconfig */ = {isa = PBXFileReference; includeInIndex = 1; lastKnownFileType = text.xcconfig; name = "Pods-UserMatch-UserMatchUITests.debug.xcconfig"; path = "Target Support Files/Pods-UserMatch-UserMatchUITests/Pods-UserMatch-UserMatchUITests.debug.xcconfig"; sourceTree = "<group>"; };
		8D3498D1821995DDA648E971 /* Pods-UserMatch.debug.xcconfig */ = {isa = PBXFileReference; includeInIndex = 1; lastKnownFileType = text.xcconfig; name = "Pods-UserMatch.debug.xcconfig"; path = "Target Support Files/Pods-UserMatch/Pods-UserMatch.debug.xcconfig"; sourceTree = "<group>"; };
		A93E84E82D43D73400837495 /* MatchMate.app */ = {isa = PBXFileReference; explicitFileType = wrapper.application; includeInIndex = 0; path = MatchMate.app; sourceTree = BUILT_PRODUCTS_DIR; };
		A93E84FD2D43D73700837495 /* MatchMateTests.xctest */ = {isa = PBXFileReference; explicitFileType = wrapper.cfbundle; includeInIndex = 0; path = MatchMateTests.xctest; sourceTree = BUILT_PRODUCTS_DIR; };
		A93E85072D43D73700837495 /* MatchMateUITests.xctest */ = {isa = PBXFileReference; explicitFileType = wrapper.cfbundle; includeInIndex = 0; path = MatchMateUITests.xctest; sourceTree = BUILT_PRODUCTS_DIR; };
		B6649F7940CCAFD767BF5D8F /* Pods_MatchMate.framework */ = {isa = PBXFileReference; explicitFileType = wrapper.framework; includeInIndex = 0; path = Pods_MatchMate.framework; sourceTree = BUILT_PRODUCTS_DIR; };
		C51207B59E29A02F156A2956 /* Pods-MatchMate-MatchMateUITests.debug.xcconfig */ = {isa = PBXFileReference; includeInIndex = 1; lastKnownFileType = text.xcconfig; name = "Pods-MatchMate-MatchMateUITests.debug.xcconfig"; path = "Target Support Files/Pods-MatchMate-MatchMateUITests/Pods-MatchMate-MatchMateUITests.debug.xcconfig"; sourceTree = "<group>"; };
		E8EBE5A485C2F60BFDDA2BFD /* Pods-UserMatchTests.debug.xcconfig */ = {isa = PBXFileReference; includeInIndex = 1; lastKnownFileType = text.xcconfig; name = "Pods-UserMatchTests.debug.xcconfig"; path = "Target Support Files/Pods-UserMatchTests/Pods-UserMatchTests.debug.xcconfig"; sourceTree = "<group>"; };
/* End PBXFileReference section */

/* Begin PBXFileSystemSynchronizedRootGroup section */
		A93E84EA2D43D73400837495 /* MatchMate */ = {
			isa = PBXFileSystemSynchronizedRootGroup;
			path = MatchMate;
			sourceTree = "<group>";
		};
		A93E85002D43D73700837495 /* MatchMateTests */ = {
			isa = PBXFileSystemSynchronizedRootGroup;
			path = MatchMateTests;
			sourceTree = "<group>";
		};
		A93E850A2D43D73700837495 /* MatchMateUITests */ = {
			isa = PBXFileSystemSynchronizedRootGroup;
			path = MatchMateUITests;
			sourceTree = "<group>";
		};
/* End PBXFileSystemSynchronizedRootGroup section */

/* Begin PBXFrameworksBuildPhase section */
		A93E84E52D43D73400837495 /* Frameworks */ = {
			isa = PBXFrameworksBuildPhase;
			buildActionMask = 2147483647;
			files = (
				D6554F6184C8261BC1659469 /* Pods_MatchMate.framework in Frameworks */,
			);
			runOnlyForDeploymentPostprocessing = 0;
		};
		A93E84FA2D43D73700837495 /* Frameworks */ = {
			isa = PBXFrameworksBuildPhase;
			buildActionMask = 2147483647;
			files = (
				CDFE543CAA0286B4161CF0B1 /* Pods_MatchMateTests.framework in Frameworks */,
			);
			runOnlyForDeploymentPostprocessing = 0;
		};
		A93E85042D43D73700837495 /* Frameworks */ = {
			isa = PBXFrameworksBuildPhase;
			buildActionMask = 2147483647;
			files = (
				344285FDD91F310284639EC0 /* Pods_MatchMate_MatchMateUITests.framework in Frameworks */,
			);
			runOnlyForDeploymentPostprocessing = 0;
		};
/* End PBXFrameworksBuildPhase section */

/* Begin PBXGroup section */
		7A4B775AC5A1558AD0E0B156 /* Frameworks */ = {
			isa = PBXGroup;
			children = (
				B6649F7940CCAFD767BF5D8F /* Pods_MatchMate.framework */,
				43DFE2DBB1C6DF4B501EF21D /* Pods_MatchMate_MatchMateUITests.framework */,
				7CD79BE95FF6FBE51B648B9A /* Pods_MatchMateTests.framework */,
			);
			name = Frameworks;
			sourceTree = "<group>";
		};
		A93E84DF2D43D73400837495 = {
			isa = PBXGroup;
			children = (
				A93E84EA2D43D73400837495 /* MatchMate */,
				A93E85002D43D73700837495 /* MatchMateTests */,
				A93E850A2D43D73700837495 /* MatchMateUITests */,
				A93E84E92D43D73400837495 /* Products */,
				D7E5D3F57334ED1B6FA95479 /* Pods */,
				7A4B775AC5A1558AD0E0B156 /* Frameworks */,
			);
			sourceTree = "<group>";
		};
		A93E84E92D43D73400837495 /* Products */ = {
			isa = PBXGroup;
			children = (
				A93E84E82D43D73400837495 /* MatchMate.app */,
				A93E84FD2D43D73700837495 /* MatchMateTests.xctest */,
				A93E85072D43D73700837495 /* MatchMateUITests.xctest */,
			);
			name = Products;
			sourceTree = "<group>";
		};
		D7E5D3F57334ED1B6FA95479 /* Pods */ = {
			isa = PBXGroup;
			children = (
				8D3498D1821995DDA648E971 /* Pods-UserMatch.debug.xcconfig */,
				1E6B3F402D856C6AB5F9867E /* Pods-UserMatch.release.xcconfig */,
				8D00E3257BA3708F5DEB343F /* Pods-UserMatch-UserMatchUITests.debug.xcconfig */,
				5CD1023A8BA3F2C8DC099182 /* Pods-UserMatch-UserMatchUITests.release.xcconfig */,
				E8EBE5A485C2F60BFDDA2BFD /* Pods-UserMatchTests.debug.xcconfig */,
				51D917798FFC043CE2AB80FF /* Pods-UserMatchTests.release.xcconfig */,
				25F90E287A59B32716A59CDD /* Pods-MatchMate.debug.xcconfig */,
				83A17F55090C91E25DBB6E96 /* Pods-MatchMate.release.xcconfig */,
				C51207B59E29A02F156A2956 /* Pods-MatchMate-MatchMateUITests.debug.xcconfig */,
				2577028A127BC58BAA679D23 /* Pods-MatchMate-MatchMateUITests.release.xcconfig */,
				4F08EEEB3BBBB713AD2012D9 /* Pods-MatchMateTests.debug.xcconfig */,
				54BC9CFDE1712166A156518C /* Pods-MatchMateTests.release.xcconfig */,
			);
			path = Pods;
			sourceTree = "<group>";
		};
/* End PBXGroup section */

/* Begin PBXNativeTarget section */
		A93E84E72D43D73400837495 /* MatchMate */ = {
			isa = PBXNativeTarget;
			buildConfigurationList = A93E85112D43D73700837495 /* Build configuration list for PBXNativeTarget "MatchMate" */;
			buildPhases = (
				7CEFF4191256B859165A2B7A /* [CP] Check Pods Manifest.lock */,
				A93E84E42D43D73400837495 /* Sources */,
				A93E84E52D43D73400837495 /* Frameworks */,
				A93E84E62D43D73400837495 /* Resources */,
				04BBC1E3F4A54FB6065836E6 /* [CP] Embed Pods Frameworks */,
			);
			buildRules = (
			);
			dependencies = (
			);
			fileSystemSynchronizedGroups = (
				A93E84EA2D43D73400837495 /* MatchMate */,
			);
			name = MatchMate;
			productName = UserMatch;
			productReference = A93E84E82D43D73400837495 /* MatchMate.app */;
			productType = "com.apple.product-type.application";
		};
		A93E84FC2D43D73700837495 /* MatchMateTests */ = {
			isa = PBXNativeTarget;
			buildConfigurationList = A93E85142D43D73700837495 /* Build configuration list for PBXNativeTarget "MatchMateTests" */;
			buildPhases = (
				3BA20B15B2EC46AAEEC0CDF7 /* [CP] Check Pods Manifest.lock */,
				A93E84F92D43D73700837495 /* Sources */,
				A93E84FA2D43D73700837495 /* Frameworks */,
				A93E84FB2D43D73700837495 /* Resources */,
			);
			buildRules = (
			);
			dependencies = (
				A93E84FF2D43D73700837495 /* PBXTargetDependency */,
			);
			fileSystemSynchronizedGroups = (
				A93E85002D43D73700837495 /* MatchMateTests */,
			);
			name = MatchMateTests;
			productName = UserMatchTests;
			productReference = A93E84FD2D43D73700837495 /* MatchMateTests.xctest */;
			productType = "com.apple.product-type.bundle.unit-test";
		};
		A93E85062D43D73700837495 /* MatchMateUITests */ = {
			isa = PBXNativeTarget;
			buildConfigurationList = A93E85172D43D73700837495 /* Build configuration list for PBXNativeTarget "MatchMateUITests" */;
			buildPhases = (
				D65845722E076BF7771A2CEF /* [CP] Check Pods Manifest.lock */,
				A93E85032D43D73700837495 /* Sources */,
				A93E85042D43D73700837495 /* Frameworks */,
				A93E85052D43D73700837495 /* Resources */,
				029F3A0A8B87D8E3EA10A153 /* [CP] Embed Pods Frameworks */,
			);
			buildRules = (
			);
			dependencies = (
				A93E85092D43D73700837495 /* PBXTargetDependency */,
			);
			fileSystemSynchronizedGroups = (
				A93E850A2D43D73700837495 /* MatchMateUITests */,
			);
			name = MatchMateUITests;
			productName = UserMatchUITests;
			productReference = A93E85072D43D73700837495 /* MatchMateUITests.xctest */;
			productType = "com.apple.product-type.bundle.ui-testing";
		};
/* End PBXNativeTarget section */

/* Begin PBXProject section */
		A93E84E02D43D73400837495 /* Project object */ = {
			isa = PBXProject;
			attributes = {
				BuildIndependentTargetsInParallel = 1;
				LastSwiftUpdateCheck = 1610;
				LastUpgradeCheck = 1610;
				TargetAttributes = {
					A93E84E72D43D73400837495 = {
						CreatedOnToolsVersion = 16.1;
					};
					A93E84FC2D43D73700837495 = {
						CreatedOnToolsVersion = 16.1;
						TestTargetID = A93E84E72D43D73400837495;
					};
					A93E85062D43D73700837495 = {
						CreatedOnToolsVersion = 16.1;
						TestTargetID = A93E84E72D43D73400837495;
					};
				};
			};
			buildConfigurationList = A93E84E32D43D73400837495 /* Build configuration list for PBXProject "MatchMate" */;
			developmentRegion = en;
			hasScannedForEncodings = 0;
			knownRegions = (
				en,
				Base,
			);
			mainGroup = A93E84DF2D43D73400837495;
			minimizedProjectReferenceProxies = 1;
			preferredProjectObjectVersion = 77;
			productRefGroup = A93E84E92D43D73400837495 /* Products */;
			projectDirPath = "";
			projectRoot = "";
			targets = (
				A93E84E72D43D73400837495 /* MatchMate */,
				A93E84FC2D43D73700837495 /* MatchMateTests */,
				A93E85062D43D73700837495 /* MatchMateUITests */,
			);
		};
/* End PBXProject section */

/* Begin PBXResourcesBuildPhase section */
		A93E84E62D43D73400837495 /* Resources */ = {
			isa = PBXResourcesBuildPhase;
			buildActionMask = 2147483647;
			files = (
			);
			runOnlyForDeploymentPostprocessing = 0;
		};
		A93E84FB2D43D73700837495 /* Resources */ = {
			isa = PBXResourcesBuildPhase;
			buildActionMask = 2147483647;
			files = (
			);
			runOnlyForDeploymentPostprocessing = 0;
		};
		A93E85052D43D73700837495 /* Resources */ = {
			isa = PBXResourcesBuildPhase;
			buildActionMask = 2147483647;
			files = (
			);
			runOnlyForDeploymentPostprocessing = 0;
		};
/* End PBXResourcesBuildPhase section */

/* Begin PBXShellScriptBuildPhase section */
		029F3A0A8B87D8E3EA10A153 /* [CP] Embed Pods Frameworks */ = {
			isa = PBXShellScriptBuildPhase;
			buildActionMask = 2147483647;
			files = (
			);
			inputFileListPaths = (
				"${PODS_ROOT}/Target Support Files/Pods-MatchMate-MatchMateUITests/Pods-MatchMate-MatchMateUITests-frameworks-${CONFIGURATION}-input-files.xcfilelist",
			);
			name = "[CP] Embed Pods Frameworks";
			outputFileListPaths = (
				"${PODS_ROOT}/Target Support Files/Pods-MatchMate-MatchMateUITests/Pods-MatchMate-MatchMateUITests-frameworks-${CONFIGURATION}-output-files.xcfilelist",
			);
			runOnlyForDeploymentPostprocessing = 0;
			shellPath = /bin/sh;
			shellScript = "\"${PODS_ROOT}/Target Support Files/Pods-MatchMate-MatchMateUITests/Pods-MatchMate-MatchMateUITests-frameworks.sh\"\n";
			showEnvVarsInLog = 0;
		};
		04BBC1E3F4A54FB6065836E6 /* [CP] Embed Pods Frameworks */ = {
			isa = PBXShellScriptBuildPhase;
			buildActionMask = 2147483647;
			files = (
			);
			inputFileListPaths = (
				"${PODS_ROOT}/Target Support Files/Pods-MatchMate/Pods-MatchMate-frameworks-${CONFIGURATION}-input-files.xcfilelist",
			);
			name = "[CP] Embed Pods Frameworks";
			outputFileListPaths = (
				"${PODS_ROOT}/Target Support Files/Pods-MatchMate/Pods-MatchMate-frameworks-${CONFIGURATION}-output-files.xcfilelist",
			);
			runOnlyForDeploymentPostprocessing = 0;
			shellPath = /bin/sh;
			shellScript = "\"${PODS_ROOT}/Target Support Files/Pods-MatchMate/Pods-MatchMate-frameworks.sh\"\n";
			showEnvVarsInLog = 0;
		};
		3BA20B15B2EC46AAEEC0CDF7 /* [CP] Check Pods Manifest.lock */ = {
			isa = PBXShellScriptBuildPhase;
			buildActionMask = 2147483647;
			files = (
			);
			inputFileListPaths = (
			);
			inputPaths = (
				"${PODS_PODFILE_DIR_PATH}/Podfile.lock",
				"${PODS_ROOT}/Manifest.lock",
			);
			name = "[CP] Check Pods Manifest.lock";
			outputFileListPaths = (
			);
			outputPaths = (
				"$(DERIVED_FILE_DIR)/Pods-MatchMateTests-checkManifestLockResult.txt",
			);
			runOnlyForDeploymentPostprocessing = 0;
			shellPath = /bin/sh;
			shellScript = "diff \"${PODS_PODFILE_DIR_PATH}/Podfile.lock\" \"${PODS_ROOT}/Manifest.lock\" > /dev/null\nif [ $? != 0 ] ; then\n    # print error to STDERR\n    echo \"error: The sandbox is not in sync with the Podfile.lock. Run 'pod install' or update your CocoaPods installation.\" >&2\n    exit 1\nfi\n# This output is used by Xcode 'outputs' to avoid re-running this script phase.\necho \"SUCCESS\" > \"${SCRIPT_OUTPUT_FILE_0}\"\n";
			showEnvVarsInLog = 0;
		};
		7CEFF4191256B859165A2B7A /* [CP] Check Pods Manifest.lock */ = {
			isa = PBXShellScriptBuildPhase;
			buildActionMask = 2147483647;
			files = (
			);
			inputFileListPaths = (
			);
			inputPaths = (
				"${PODS_PODFILE_DIR_PATH}/Podfile.lock",
				"${PODS_ROOT}/Manifest.lock",
			);
			name = "[CP] Check Pods Manifest.lock";
			outputFileListPaths = (
			);
			outputPaths = (
				"$(DERIVED_FILE_DIR)/Pods-MatchMate-checkManifestLockResult.txt",
			);
			runOnlyForDeploymentPostprocessing = 0;
			shellPath = /bin/sh;
			shellScript = "diff \"${PODS_PODFILE_DIR_PATH}/Podfile.lock\" \"${PODS_ROOT}/Manifest.lock\" > /dev/null\nif [ $? != 0 ] ; then\n    # print error to STDERR\n    echo \"error: The sandbox is not in sync with the Podfile.lock. Run 'pod install' or update your CocoaPods installation.\" >&2\n    exit 1\nfi\n# This output is used by Xcode 'outputs' to avoid re-running this script phase.\necho \"SUCCESS\" > \"${SCRIPT_OUTPUT_FILE_0}\"\n";
			showEnvVarsInLog = 0;
		};
		D65845722E076BF7771A2CEF /* [CP] Check Pods Manifest.lock */ = {
			isa = PBXShellScriptBuildPhase;
			buildActionMask = 2147483647;
			files = (
			);
			inputFileListPaths = (
			);
			inputPaths = (
				"${PODS_PODFILE_DIR_PATH}/Podfile.lock",
				"${PODS_ROOT}/Manifest.lock",
			);
			name = "[CP] Check Pods Manifest.lock";
			outputFileListPaths = (
			);
			outputPaths = (
				"$(DERIVED_FILE_DIR)/Pods-MatchMate-MatchMateUITests-checkManifestLockResult.txt",
			);
			runOnlyForDeploymentPostprocessing = 0;
			shellPath = /bin/sh;
			shellScript = "diff \"${PODS_PODFILE_DIR_PATH}/Podfile.lock\" \"${PODS_ROOT}/Manifest.lock\" > /dev/null\nif [ $? != 0 ] ; then\n    # print error to STDERR\n    echo \"error: The sandbox is not in sync with the Podfile.lock. Run 'pod install' or update your CocoaPods installation.\" >&2\n    exit 1\nfi\n# This output is used by Xcode 'outputs' to avoid re-running this script phase.\necho \"SUCCESS\" > \"${SCRIPT_OUTPUT_FILE_0}\"\n";
			showEnvVarsInLog = 0;
		};
/* End PBXShellScriptBuildPhase section */

/* Begin PBXSourcesBuildPhase section */
		A93E84E42D43D73400837495 /* Sources */ = {
			isa = PBXSourcesBuildPhase;
			buildActionMask = 2147483647;
			files = (
			);
			runOnlyForDeploymentPostprocessing = 0;
		};
		A93E84F92D43D73700837495 /* Sources */ = {
			isa = PBXSourcesBuildPhase;
			buildActionMask = 2147483647;
			files = (
			);
			runOnlyForDeploymentPostprocessing = 0;
		};
		A93E85032D43D73700837495 /* Sources */ = {
			isa = PBXSourcesBuildPhase;
			buildActionMask = 2147483647;
			files = (
			);
			runOnlyForDeploymentPostprocessing = 0;
		};
/* End PBXSourcesBuildPhase section */

/* Begin PBXTargetDependency section */
		A93E84FF2D43D73700837495 /* PBXTargetDependency */ = {
			isa = PBXTargetDependency;
			target = A93E84E72D43D73400837495 /* MatchMate */;
			targetProxy = A93E84FE2D43D73700837495 /* PBXContainerItemProxy */;
		};
		A93E85092D43D73700837495 /* PBXTargetDependency */ = {
			isa = PBXTargetDependency;
			target = A93E84E72D43D73400837495 /* MatchMate */;
			targetProxy = A93E85082D43D73700837495 /* PBXContainerItemProxy */;
		};
/* End PBXTargetDependency section */

/* Begin XCBuildConfiguration section */
		A93E850F2D43D73700837495 /* Debug */ = {
			isa = XCBuildConfiguration;
			buildSettings = {
				ALWAYS_SEARCH_USER_PATHS = NO;
				ASSETCATALOG_COMPILER_GENERATE_SWIFT_ASSET_SYMBOL_EXTENSIONS = YES;
				CLANG_ANALYZER_NONNULL = YES;
				CLANG_ANALYZER_NUMBER_OBJECT_CONVERSION = YES_AGGRESSIVE;
				CLANG_CXX_LANGUAGE_STANDARD = "gnu++20";
				CLANG_ENABLE_MODULES = YES;
				CLANG_ENABLE_OBJC_ARC = YES;
				CLANG_ENABLE_OBJC_WEAK = YES;
				CLANG_WARN_BLOCK_CAPTURE_AUTORELEASING = YES;
				CLANG_WARN_BOOL_CONVERSION = YES;
				CLANG_WARN_COMMA = YES;
				CLANG_WARN_CONSTANT_CONVERSION = YES;
				CLANG_WARN_DEPRECATED_OBJC_IMPLEMENTATIONS = YES;
				CLANG_WARN_DIRECT_OBJC_ISA_USAGE = YES_ERROR;
				CLANG_WARN_DOCUMENTATION_COMMENTS = YES;
				CLANG_WARN_EMPTY_BODY = YES;
				CLANG_WARN_ENUM_CONVERSION = YES;
				CLANG_WARN_INFINITE_RECURSION = YES;
				CLANG_WARN_INT_CONVERSION = YES;
				CLANG_WARN_NON_LITERAL_NULL_CONVERSION = YES;
				CLANG_WARN_OBJC_IMPLICIT_RETAIN_SELF = YES;
				CLANG_WARN_OBJC_LITERAL_CONVERSION = YES;
				CLANG_WARN_OBJC_ROOT_CLASS = YES_ERROR;
				CLANG_WARN_QUOTED_INCLUDE_IN_FRAMEWORK_HEADER = YES;
				CLANG_WARN_RANGE_LOOP_ANALYSIS = YES;
				CLANG_WARN_STRICT_PROTOTYPES = YES;
				CLANG_WARN_SUSPICIOUS_MOVE = YES;
				CLANG_WARN_UNGUARDED_AVAILABILITY = YES_AGGRESSIVE;
				CLANG_WARN_UNREACHABLE_CODE = YES;
				CLANG_WARN__DUPLICATE_METHOD_MATCH = YES;
				COPY_PHASE_STRIP = NO;
				DEBUG_INFORMATION_FORMAT = dwarf;
				ENABLE_STRICT_OBJC_MSGSEND = YES;
				ENABLE_TESTABILITY = YES;
				ENABLE_USER_SCRIPT_SANDBOXING = NO;
				GCC_C_LANGUAGE_STANDARD = gnu17;
				GCC_DYNAMIC_NO_PIC = NO;
				GCC_NO_COMMON_BLOCKS = YES;
				GCC_OPTIMIZATION_LEVEL = 0;
				GCC_PREPROCESSOR_DEFINITIONS = (
					"DEBUG=1",
					"$(inherited)",
				);
				GCC_WARN_64_TO_32_BIT_CONVERSION = YES;
				GCC_WARN_ABOUT_RETURN_TYPE = YES_ERROR;
				GCC_WARN_UNDECLARED_SELECTOR = YES;
				GCC_WARN_UNINITIALIZED_AUTOS = YES_AGGRESSIVE;
				GCC_WARN_UNUSED_FUNCTION = YES;
				GCC_WARN_UNUSED_VARIABLE = YES;
				IPHONEOS_DEPLOYMENT_TARGET = 18.1;
				LOCALIZATION_PREFERS_STRING_CATALOGS = YES;
				MTL_ENABLE_DEBUG_INFO = INCLUDE_SOURCE;
				MTL_FAST_MATH = YES;
				ONLY_ACTIVE_ARCH = YES;
				SDKROOT = iphoneos;
				SWIFT_ACTIVE_COMPILATION_CONDITIONS = "DEBUG $(inherited)";
				SWIFT_OPTIMIZATION_LEVEL = "-Onone";
			};
			name = Debug;
		};
		A93E85102D43D73700837495 /* Release */ = {
			isa = XCBuildConfiguration;
			buildSettings = {
				ALWAYS_SEARCH_USER_PATHS = NO;
				ASSETCATALOG_COMPILER_GENERATE_SWIFT_ASSET_SYMBOL_EXTENSIONS = YES;
				CLANG_ANALYZER_NONNULL = YES;
				CLANG_ANALYZER_NUMBER_OBJECT_CONVERSION = YES_AGGRESSIVE;
				CLANG_CXX_LANGUAGE_STANDARD = "gnu++20";
				CLANG_ENABLE_MODULES = YES;
				CLANG_ENABLE_OBJC_ARC = YES;
				CLANG_ENABLE_OBJC_WEAK = YES;
				CLANG_WARN_BLOCK_CAPTURE_AUTORELEASING = YES;
				CLANG_WARN_BOOL_CONVERSION = YES;
				CLANG_WARN_COMMA = YES;
				CLANG_WARN_CONSTANT_CONVERSION = YES;
				CLANG_WARN_DEPRECATED_OBJC_IMPLEMENTATIONS = YES;
				CLANG_WARN_DIRECT_OBJC_ISA_USAGE = YES_ERROR;
				CLANG_WARN_DOCUMENTATION_COMMENTS = YES;
				CLANG_WARN_EMPTY_BODY = YES;
				CLANG_WARN_ENUM_CONVERSION = YES;
				CLANG_WARN_INFINITE_RECURSION = YES;
				CLANG_WARN_INT_CONVERSION = YES;
				CLANG_WARN_NON_LITERAL_NULL_CONVERSION = YES;
				CLANG_WARN_OBJC_IMPLICIT_RETAIN_SELF = YES;
				CLANG_WARN_OBJC_LITERAL_CONVERSION = YES;
				CLANG_WARN_OBJC_ROOT_CLASS = YES_ERROR;
				CLANG_WARN_QUOTED_INCLUDE_IN_FRAMEWORK_HEADER = YES;
				CLANG_WARN_RANGE_LOOP_ANALYSIS = YES;
				CLANG_WARN_STRICT_PROTOTYPES = YES;
				CLANG_WARN_SUSPICIOUS_MOVE = YES;
				CLANG_WARN_UNGUARDED_AVAILABILITY = YES_AGGRESSIVE;
				CLANG_WARN_UNREACHABLE_CODE = YES;
				CLANG_WARN__DUPLICATE_METHOD_MATCH = YES;
				COPY_PHASE_STRIP = NO;
				DEBUG_INFORMATION_FORMAT = "dwarf-with-dsym";
				ENABLE_NS_ASSERTIONS = NO;
				ENABLE_STRICT_OBJC_MSGSEND = YES;
				ENABLE_USER_SCRIPT_SANDBOXING = NO;
				GCC_C_LANGUAGE_STANDARD = gnu17;
				GCC_NO_COMMON_BLOCKS = YES;
				GCC_WARN_64_TO_32_BIT_CONVERSION = YES;
				GCC_WARN_ABOUT_RETURN_TYPE = YES_ERROR;
				GCC_WARN_UNDECLARED_SELECTOR = YES;
				GCC_WARN_UNINITIALIZED_AUTOS = YES_AGGRESSIVE;
				GCC_WARN_UNUSED_FUNCTION = YES;
				GCC_WARN_UNUSED_VARIABLE = YES;
				IPHONEOS_DEPLOYMENT_TARGET = 18.1;
				LOCALIZATION_PREFERS_STRING_CATALOGS = YES;
				MTL_ENABLE_DEBUG_INFO = NO;
				MTL_FAST_MATH = YES;
				SDKROOT = iphoneos;
				SWIFT_COMPILATION_MODE = wholemodule;
				VALIDATE_PRODUCT = YES;
			};
			name = Release;
		};
		A93E85122D43D73700837495 /* Debug */ = {
			isa = XCBuildConfiguration;
			baseConfigurationReference = 25F90E287A59B32716A59CDD /* Pods-MatchMate.debug.xcconfig */;
			buildSettings = {
				ASSETCATALOG_COMPILER_APPICON_NAME = AppIcon;
				ASSETCATALOG_COMPILER_GLOBAL_ACCENT_COLOR_NAME = AccentColor;
				CODE_SIGN_STYLE = Automatic;
				CURRENT_PROJECT_VERSION = 1;
				DEVELOPMENT_ASSET_PATHS = "\"MatchMate/Preview Content\"";
				ENABLE_PREVIEWS = YES;
				ENABLE_USER_SCRIPT_SANDBOXING = NO;
				GENERATE_INFOPLIST_FILE = YES;
				INFOPLIST_KEY_UIApplicationSceneManifest_Generation = YES;
				INFOPLIST_KEY_UIApplicationSupportsIndirectInputEvents = YES;
				INFOPLIST_KEY_UILaunchScreen_Generation = YES;
				INFOPLIST_KEY_UISupportedInterfaceOrientations_iPad = "UIInterfaceOrientationPortrait UIInterfaceOrientationPortraitUpsideDown UIInterfaceOrientationLandscapeLeft UIInterfaceOrientationLandscapeRight";
				INFOPLIST_KEY_UISupportedInterfaceOrientations_iPhone = "UIInterfaceOrientationPortrait UIInterfaceOrientationLandscapeLeft UIInterfaceOrientationLandscapeRight";
				LD_RUNPATH_SEARCH_PATHS = (
					"$(inherited)",
					"@executable_path/Frameworks",
				);
				MARKETING_VERSION = 1.0;
				PRODUCT_BUNDLE_IDENTIFIER = org.MatchMate;
				PRODUCT_NAME = "$(TARGET_NAME)";
				SWIFT_EMIT_LOC_STRINGS = YES;
				SWIFT_VERSION = 5.0;
				TARGETED_DEVICE_FAMILY = "1,2";
			};
			name = Debug;
		};
		A93E85132D43D73700837495 /* Release */ = {
			isa = XCBuildConfiguration;
			baseConfigurationReference = 83A17F55090C91E25DBB6E96 /* Pods-MatchMate.release.xcconfig */;
			buildSettings = {
				ASSETCATALOG_COMPILER_APPICON_NAME = AppIcon;
				ASSETCATALOG_COMPILER_GLOBAL_ACCENT_COLOR_NAME = AccentColor;
				CODE_SIGN_STYLE = Automatic;
				CURRENT_PROJECT_VERSION = 1;
				DEVELOPMENT_ASSET_PATHS = "\"MatchMate/Preview Content\"";
				ENABLE_PREVIEWS = YES;
				ENABLE_USER_SCRIPT_SANDBOXING = NO;
				GENERATE_INFOPLIST_FILE = YES;
				INFOPLIST_KEY_UIApplicationSceneManifest_Generation = YES;
				INFOPLIST_KEY_UIApplicationSupportsIndirectInputEvents = YES;
				INFOPLIST_KEY_UILaunchScreen_Generation = YES;
				INFOPLIST_KEY_UISupportedInterfaceOrientations_iPad = "UIInterfaceOrientationPortrait UIInterfaceOrientationPortraitUpsideDown UIInterfaceOrientationLandscapeLeft UIInterfaceOrientationLandscapeRight";
				INFOPLIST_KEY_UISupportedInterfaceOrientations_iPhone = "UIInterfaceOrientationPortrait UIInterfaceOrientationLandscapeLeft UIInterfaceOrientationLandscapeRight";
				LD_RUNPATH_SEARCH_PATHS = (
					"$(inherited)",
					"@executable_path/Frameworks",
				);
				MARKETING_VERSION = 1.0;
				PRODUCT_BUNDLE_IDENTIFIER = org.MatchMate;
				PRODUCT_NAME = "$(TARGET_NAME)";
				SWIFT_EMIT_LOC_STRINGS = YES;
				SWIFT_VERSION = 5.0;
				TARGETED_DEVICE_FAMILY = "1,2";
			};
			name = Release;
		};
		A93E85152D43D73700837495 /* Debug */ = {
			isa = XCBuildConfiguration;
			baseConfigurationReference = 4F08EEEB3BBBB713AD2012D9 /* Pods-MatchMateTests.debug.xcconfig */;
			buildSettings = {
				BUNDLE_LOADER = "$(TEST_HOST)";
				CODE_SIGN_STYLE = Automatic;
				CURRENT_PROJECT_VERSION = 1;
				ENABLE_USER_SCRIPT_SANDBOXING = NO;
				GENERATE_INFOPLIST_FILE = YES;
				IPHONEOS_DEPLOYMENT_TARGET = 18.1;
				MARKETING_VERSION = 1.0;
				PRODUCT_BUNDLE_IDENTIFIER = org.MatchMateTests;
				PRODUCT_NAME = "$(TARGET_NAME)";
				SWIFT_EMIT_LOC_STRINGS = NO;
				SWIFT_VERSION = 5.0;
				TARGETED_DEVICE_FAMILY = "1,2";
				TEST_HOST = "$(BUILT_PRODUCTS_DIR)/MatchMate.app/$(BUNDLE_EXECUTABLE_FOLDER_PATH)/MatchMate";
			};
			name = Debug;
		};
		A93E85162D43D73700837495 /* Release */ = {
			isa = XCBuildConfiguration;
			baseConfigurationReference = 54BC9CFDE1712166A156518C /* Pods-MatchMateTests.release.xcconfig */;
			buildSettings = {
				BUNDLE_LOADER = "$(TEST_HOST)";
				CODE_SIGN_STYLE = Automatic;
				CURRENT_PROJECT_VERSION = 1;
				ENABLE_USER_SCRIPT_SANDBOXING = NO;
				GENERATE_INFOPLIST_FILE = YES;
				IPHONEOS_DEPLOYMENT_TARGET = 18.1;
				MARKETING_VERSION = 1.0;
				PRODUCT_BUNDLE_IDENTIFIER = org.MatchMateTests;
				PRODUCT_NAME = "$(TARGET_NAME)";
				SWIFT_EMIT_LOC_STRINGS = NO;
				SWIFT_VERSION = 5.0;
				TARGETED_DEVICE_FAMILY = "1,2";
				TEST_HOST = "$(BUILT_PRODUCTS_DIR)/MatchMate.app/$(BUNDLE_EXECUTABLE_FOLDER_PATH)/MatchMate";
			};
			name = Release;
		};
		A93E85182D43D73700837495 /* Debug */ = {
			isa = XCBuildConfiguration;
			baseConfigurationReference = C51207B59E29A02F156A2956 /* Pods-MatchMate-MatchMateUITests.debug.xcconfig */;
			buildSettings = {
				CODE_SIGN_STYLE = Automatic;
				CURRENT_PROJECT_VERSION = 1;
				GENERATE_INFOPLIST_FILE = YES;
				MARKETING_VERSION = 1.0;
				PRODUCT_BUNDLE_IDENTIFIER = org.MatchMateUITests;
				PRODUCT_NAME = "$(TARGET_NAME)";
				SWIFT_EMIT_LOC_STRINGS = NO;
				SWIFT_VERSION = 5.0;
				TARGETED_DEVICE_FAMILY = "1,2";
				TEST_TARGET_NAME = MatchMate;
			};
			name = Debug;
		};
		A93E85192D43D73700837495 /* Release */ = {
			isa = XCBuildConfiguration;
			baseConfigurationReference = 2577028A127BC58BAA679D23 /* Pods-MatchMate-MatchMateUITests.release.xcconfig */;
			buildSettings = {
				CODE_SIGN_STYLE = Automatic;
				CURRENT_PROJECT_VERSION = 1;
				GENERATE_INFOPLIST_FILE = YES;
				MARKETING_VERSION = 1.0;
				PRODUCT_BUNDLE_IDENTIFIER = org.MatchMateUITests;
				PRODUCT_NAME = "$(TARGET_NAME)";
				SWIFT_EMIT_LOC_STRINGS = NO;
				SWIFT_VERSION = 5.0;
				TARGETED_DEVICE_FAMILY = "1,2";
				TEST_TARGET_NAME = MatchMate;
			};
			name = Release;
		};
/* End XCBuildConfiguration section */

/* Begin XCConfigurationList section */
		A93E84E32D43D73400837495 /* Build configuration list for PBXProject "MatchMate" */ = {
			isa = XCConfigurationList;
			buildConfigurations = (
				A93E850F2D43D73700837495 /* Debug */,
				A93E85102D43D73700837495 /* Release */,
			);
			defaultConfigurationIsVisible = 0;
			defaultConfigurationName = Release;
		};
		A93E85112D43D73700837495 /* Build configuration list for PBXNativeTarget "MatchMate" */ = {
			isa = XCConfigurationList;
			buildConfigurations = (
				A93E85122D43D73700837495 /* Debug */,
				A93E85132D43D73700837495 /* Release */,
			);
			defaultConfigurationIsVisible = 0;
			defaultConfigurationName = Release;
		};
		A93E85142D43D73700837495 /* Build configuration list for PBXNativeTarget "MatchMateTests" */ = {
			isa = XCConfigurationList;
			buildConfigurations = (
				A93E85152D43D73700837495 /* Debug */,
				A93E85162D43D73700837495 /* Release */,
			);
			defaultConfigurationIsVisible = 0;
			defaultConfigurationName = Release;
		};
		A93E85172D43D73700837495 /* Build configuration list for PBXNativeTarget "MatchMateUITests" */ = {
			isa = XCConfigurationList;
			buildConfigurations = (
				A93E85182D43D73700837495 /* Debug */,
				A93E85192D43D73700837495 /* Release */,
			);
			defaultConfigurationIsVisible = 0;
			defaultConfigurationName = Release;
		};
/* End XCConfigurationList section */
	};
	rootObject = A93E84E02D43D73400837495 /* Project object */;
}
